{
  "version": 4,
  "terraform_version": "0.14.4",
  "serial": 7,
  "lineage": "6e45d93f-bea8-9ad7-e000-9f7db88287d6",
  "outputs": {},
  "resources": [
    {
      "module": "module.resources_dev",
      "mode": "data",
      "type": "azurerm_client_config",
      "name": "current",
      "provider": "module.resources_dev.provider[\"registry.terraform.io/hashicorp/azurerm\"]",
      "instances": [
        {
          "schema_version": 0,
          "attributes": {
            "client_id": "04b07795-8ddb-461a-bbee-02f9e1bf7b46",
            "id": "2021-01-31 14:35:03.7007272 +0000 UTC",
            "object_id": "292c70d4-cb7f-441b-bf7a-128a38df18be",
            "subscription_id": "166adf1d-3776-4c73-b613-fa3f4a29f0a8",
            "tenant_id": "ba6b2e3c-7421-4e93-b60e-d3f39eee52d5",
            "timeouts": null
          },
          "sensitive_attributes": []
        }
      ]
    },
    {
      "module": "module.resources_dev",
      "mode": "managed",
      "type": "azurerm_data_factory",
      "name": "adf",
      "provider": "module.resources_dev.provider[\"registry.terraform.io/hashicorp/azurerm\"]",
      "instances": [
        {
          "schema_version": 1,
          "attributes": {
            "github_configuration": [],
            "id": "/subscriptions/166adf1d-3776-4c73-b613-fa3f4a29f0a8/resourceGroups/adf_hands_on_dev/providers/Microsoft.DataFactory/factories/cco-handson-adf-dev",
            "identity": [],
            "location": "westeurope",
            "name": "cco-handson-adf-dev",
            "public_network_enabled": true,
            "resource_group_name": "adf_hands_on_dev",
            "tags": null,
            "timeouts": null,
            "vsts_configuration": []
          },
          "sensitive_attributes": [],
          "private": "eyJlMmJmYjczMC1lY2FhLTExZTYtOGY4OC0zNDM2M2JjN2M0YzAiOnsiY3JlYXRlIjoxODAwMDAwMDAwMDAwLCJkZWxldGUiOjE4MDAwMDAwMDAwMDAsInJlYWQiOjMwMDAwMDAwMDAwMCwidXBkYXRlIjoxODAwMDAwMDAwMDAwfSwic2NoZW1hX3ZlcnNpb24iOiIxIn0=",
          "dependencies": [
            "module.resources_dev.azurerm_resource_group.rg"
          ]
        }
      ]
    },
    {
      "module": "module.resources_dev",
      "mode": "managed",
      "type": "azurerm_key_vault",
      "name": "akv",
      "provider": "module.resources_dev.provider[\"registry.terraform.io/hashicorp/azurerm\"]",
      "instances": [
        {
          "schema_version": 2,
          "attributes": {
            "access_policy": [],
            "contact": [],
            "enable_rbac_authorization": false,
            "enabled_for_deployment": false,
            "enabled_for_disk_encryption": true,
            "enabled_for_template_deployment": false,
            "id": "/subscriptions/166adf1d-3776-4c73-b613-fa3f4a29f0a8/resourceGroups/adf_hands_on_dev/providers/Microsoft.KeyVault/vaults/cco-handson-akv-dev",
            "location": "westeurope",
            "name": "cco-handson-akv-dev",
            "network_acls": [
              {
                "bypass": "AzureServices",
                "default_action": "Allow",
                "ip_rules": [],
                "virtual_network_subnet_ids": []
              }
            ],
            "purge_protection_enabled": false,
            "resource_group_name": "adf_hands_on_dev",
            "sku_name": "standard",
            "soft_delete_enabled": true,
            "soft_delete_retention_days": 7,
            "tags": null,
            "tenant_id": "ba6b2e3c-7421-4e93-b60e-d3f39eee52d5",
            "timeouts": null,
            "vault_uri": "https://cco-handson-akv-dev.vault.azure.net/"
          },
          "sensitive_attributes": [],
          "private": "eyJlMmJmYjczMC1lY2FhLTExZTYtOGY4OC0zNDM2M2JjN2M0YzAiOnsiY3JlYXRlIjoxODAwMDAwMDAwMDAwLCJkZWxldGUiOjE4MDAwMDAwMDAwMDAsInJlYWQiOjMwMDAwMDAwMDAwMCwidXBkYXRlIjoxODAwMDAwMDAwMDAwfSwic2NoZW1hX3ZlcnNpb24iOiIyIn0=",
          "dependencies": [
            "module.resources_dev.azurerm_resource_group.rg",
            "module.resources_dev.data.azurerm_client_config.current"
          ]
        }
      ]
    },
    {
      "module": "module.resources_dev",
      "mode": "managed",
      "type": "azurerm_resource_group",
      "name": "rg",
      "provider": "module.resources_dev.provider[\"registry.terraform.io/hashicorp/azurerm\"]",
      "instances": [
        {
          "schema_version": 0,
          "attributes": {
            "id": "/subscriptions/166adf1d-3776-4c73-b613-fa3f4a29f0a8/resourceGroups/adf_hands_on_dev",
            "location": "westeurope",
            "name": "adf_hands_on_dev",
            "tags": null,
            "timeouts": null
          },
          "sensitive_attributes": [],
          "private": "eyJlMmJmYjczMC1lY2FhLTExZTYtOGY4OC0zNDM2M2JjN2M0YzAiOnsiY3JlYXRlIjo1NDAwMDAwMDAwMDAwLCJkZWxldGUiOjU0MDAwMDAwMDAwMDAsInJlYWQiOjMwMDAwMDAwMDAwMCwidXBkYXRlIjo1NDAwMDAwMDAwMDAwfX0="
        }
      ]
    },
    {
      "module": "module.resources_tst",
      "mode": "data",
      "type": "azurerm_client_config",
      "name": "current",
      "provider": "module.resources_tst.provider[\"registry.terraform.io/hashicorp/azurerm\"]",
      "instances": [
        {
          "schema_version": 0,
          "attributes": {
            "client_id": "04b07795-8ddb-461a-bbee-02f9e1bf7b46",
            "id": "2021-01-31 14:35:03.7376278 +0000 UTC",
            "object_id": "292c70d4-cb7f-441b-bf7a-128a38df18be",
            "subscription_id": "166adf1d-3776-4c73-b613-fa3f4a29f0a8",
            "tenant_id": "ba6b2e3c-7421-4e93-b60e-d3f39eee52d5",
            "timeouts": null
          },
          "sensitive_attributes": []
        }
      ]
    },
    {
      "module": "module.resources_tst",
      "mode": "managed",
      "type": "azurerm_data_factory",
      "name": "adf",
      "provider": "module.resources_tst.provider[\"registry.terraform.io/hashicorp/azurerm\"]",
      "instances": [
        {
          "schema_version": 1,
          "attributes": {
            "github_configuration": [],
            "id": "/subscriptions/166adf1d-3776-4c73-b613-fa3f4a29f0a8/resourceGroups/adf_hands_on_tst/providers/Microsoft.DataFactory/factories/cco-handson-adf-tst",
            "identity": [],
            "location": "westeurope",
            "name": "cco-handson-adf-tst",
            "public_network_enabled": true,
            "resource_group_name": "adf_hands_on_tst",
            "tags": null,
            "timeouts": null,
            "vsts_configuration": []
          },
          "sensitive_attributes": [],
          "private": "eyJlMmJmYjczMC1lY2FhLTExZTYtOGY4OC0zNDM2M2JjN2M0YzAiOnsiY3JlYXRlIjoxODAwMDAwMDAwMDAwLCJkZWxldGUiOjE4MDAwMDAwMDAwMDAsInJlYWQiOjMwMDAwMDAwMDAwMCwidXBkYXRlIjoxODAwMDAwMDAwMDAwfSwic2NoZW1hX3ZlcnNpb24iOiIxIn0=",
          "dependencies": [
            "module.resources_tst.azurerm_resource_group.rg"
          ]
        }
      ]
    },
    {
      "module": "module.resources_tst",
      "mode": "managed",
      "type": "azurerm_key_vault",
      "name": "akv",
      "provider": "module.resources_tst.provider[\"registry.terraform.io/hashicorp/azurerm\"]",
      "instances": [
        {
          "schema_version": 2,
          "attributes": {
            "access_policy": [],
            "contact": [],
            "enable_rbac_authorization": false,
            "enabled_for_deployment": false,
            "enabled_for_disk_encryption": true,
            "enabled_for_template_deployment": false,
            "id": "/subscriptions/166adf1d-3776-4c73-b613-fa3f4a29f0a8/resourceGroups/adf_hands_on_tst/providers/Microsoft.KeyVault/vaults/cco-handson-akv-tst",
            "location": "westeurope",
            "name": "cco-handson-akv-tst",
            "network_acls": [
              {
                "bypass": "AzureServices",
                "default_action": "Allow",
                "ip_rules": [],
                "virtual_network_subnet_ids": []
              }
            ],
            "purge_protection_enabled": false,
            "resource_group_name": "adf_hands_on_tst",
            "sku_name": "standard",
            "soft_delete_enabled": true,
            "soft_delete_retention_days": 7,
            "tags": null,
            "tenant_id": "ba6b2e3c-7421-4e93-b60e-d3f39eee52d5",
            "timeouts": null,
            "vault_uri": "https://cco-handson-akv-tst.vault.azure.net/"
          },
          "sensitive_attributes": [],
          "private": "eyJlMmJmYjczMC1lY2FhLTExZTYtOGY4OC0zNDM2M2JjN2M0YzAiOnsiY3JlYXRlIjoxODAwMDAwMDAwMDAwLCJkZWxldGUiOjE4MDAwMDAwMDAwMDAsInJlYWQiOjMwMDAwMDAwMDAwMCwidXBkYXRlIjoxODAwMDAwMDAwMDAwfSwic2NoZW1hX3ZlcnNpb24iOiIyIn0=",
          "dependencies": [
            "module.resources_tst.azurerm_resource_group.rg",
            "module.resources_tst.data.azurerm_client_config.current"
          ]
        }
      ]
    },
    {
      "module": "module.resources_tst",
      "mode": "managed",
      "type": "azurerm_resource_group",
      "name": "rg",
      "provider": "module.resources_tst.provider[\"registry.terraform.io/hashicorp/azurerm\"]",
      "instances": [
        {
          "schema_version": 0,
          "attributes": {
            "id": "/subscriptions/166adf1d-3776-4c73-b613-fa3f4a29f0a8/resourceGroups/adf_hands_on_tst",
            "location": "westeurope",
            "name": "adf_hands_on_tst",
            "tags": null,
            "timeouts": null
          },
          "sensitive_attributes": [],
          "private": "eyJlMmJmYjczMC1lY2FhLTExZTYtOGY4OC0zNDM2M2JjN2M0YzAiOnsiY3JlYXRlIjo1NDAwMDAwMDAwMDAwLCJkZWxldGUiOjU0MDAwMDAwMDAwMDAsInJlYWQiOjMwMDAwMDAwMDAwMCwidXBkYXRlIjo1NDAwMDAwMDAwMDAwfX0="
        }
      ]
    }
  ]
}
